
Microsoft Visual Studio Solution File, Format Version 12.00
# Visual Studio Version 16
VisualStudioVersion = 16.0.31829.152
MinimumVisualStudioVersion = 10.0.40219.1
Project("{FAE04EC0-301F-11D3-BF4B-00C04F79EFBC}") = "GoPro7FileJoiner", "GoPro7FileJoiner.csproj", "{3A492157-724E-4855-A7DF-8859D389D6FB}"
EndProject
Global
	GlobalSection(SolutionConfigurationPlatforms) = preSolution
		Debug|Any CPU = Debug|Any CPU
		Release|Any CPU = Release|Any CPU
	EndGlobalSection
	GlobalSection(ProjectConfigurationPlatforms) = postSolution
		{3A492157-724E-4855-A7DF-8859D389D6FB}.Debug|Any CPU.ActiveCfg = Debug|Any CPU
		{3A492157-724E-4855-A7DF-8859D389D6FB}.Debug|Any CPU.Build.0 = Debug|Any CPU
		{3A492157-724E-4855-A7DF-8859D389D6FB}.Release|Any CPU.ActiveCfg = Release|Any CPU
		{3A492157-724E-4855-A7DF-8859D389D6FB}.Release|Any CPU.Build.0 = Release|Any CPU
	EndGlobalSection
	GlobalSection(SolutionProperties) = preSolution
		HideSolutionNode = FALSE
	EndGlobalSection
	GlobalSection(ExtensibilityGlobals) = postSolution
		SolutionGuid = {317939FC-2D80-45BC-A14D-55BCB5EDED40}
	EndGlobalSection
EndGlobal
